
Microsoft Visual Studio Solution File, Format Version 12.00
# Visual Studio 15
VisualStudioVersion = 15.0.26124.0
MinimumVisualStudioVersion = 15.0.26124.0
Project("{2150E333-8FDC-42A3-9474-1A3956D46DE8}") = "src", "src", "{CCEF89D6-C46A-4DAE-B628-539DE25145B5}"
EndProject
Project("{9A19103F-16F7-4668-BE54-9A1E7A4F7556}") = "Aguacongas.RedisQueue.Core", "src\Aguacongas.RedisQueue.Core\Aguacongas.RedisQueue.Core.csproj", "{8D76E516-EFCB-4376-BEAD-15BA1688B534}"
EndProject
Project("{2150E333-8FDC-42A3-9474-1A3956D46DE8}") = "test", "test", "{CC32E007-F562-4CAF-A60F-5B1CE7EF5C01}"
EndProject
Project("{9A19103F-16F7-4668-BE54-9A1E7A4F7556}") = "Aguacongas.RedisQueue.Core.IntegrationTest", "test\Aguacongas.RedisQueue.Core.IntegrationTest\Aguacongas.RedisQueue.Core.IntegrationTest.csproj", "{A8F2475A-E835-401F-B6B0-04E65E5BF458}"
EndProject
Project("{2150E333-8FDC-42A3-9474-1A3956D46DE8}") = "Solution Items", "Solution Items", "{B4A6A646-C9CA-4F48-BE7C-45B3376F4568}"
	ProjectSection(SolutionItems) = preProject
		.commitlintrc.json = .commitlintrc.json
		.releaserc.json = .releaserc.json
		appveyor.yml = appveyor.yml
		appveyorinit.ps1 = appveyorinit.ps1
		build.cmd = build.cmd
		build.ps1 = build.ps1
		dotnet-install.ps1 = dotnet-install.ps1
		GitVersion.yml = GitVersion.yml
		global.json = global.json
		nuget.config = nuget.config
		publish.cmd = publish.cmd
		publish.ps1 = publish.ps1
		README.md = README.md
	EndProjectSection
EndProject
Project("{2150E333-8FDC-42A3-9474-1A3956D46DE8}") = "template", "template", "{09236A40-4AB0-49AA-A341-BAB073342811}"
	ProjectSection(SolutionItems) = preProject
		template\Aguacongas.RedisQueue.nuspec = template\Aguacongas.RedisQueue.nuspec
	EndProjectSection
EndProject
Project("{9A19103F-16F7-4668-BE54-9A1E7A4F7556}") = "Aguacongas.RedisQueue.Web", "src\Aguacongas.RedisQueue.Web\Aguacongas.RedisQueue.Web.csproj", "{B68BA7E9-E9B1-4B64-822F-D27D13D2E4A4}"
EndProject
Project("{2150E333-8FDC-42A3-9474-1A3956D46DE8}") = ".template.config", ".template.config", "{12AF1F95-1E21-48F9-B528-BD75E16F9E60}"
	ProjectSection(SolutionItems) = preProject
		template\.template.config\template.json = template\.template.config\template.json
	EndProjectSection
EndProject
Project("{9A19103F-16F7-4668-BE54-9A1E7A4F7556}") = "Aguacongas.RedisQueue.Web.Test", "test\Aguacongas.RedisQueue.Web.Test\Aguacongas.RedisQueue.Web.Test.csproj", "{CB878712-FAC7-4EA7-B277-DB8E047CDC7A}"
EndProject
Project("{2150E333-8FDC-42A3-9474-1A3956D46DE8}") = "samples", "samples", "{254EAA5F-21F2-4A59-92DF-70034F8924FE}"
EndProject
Project("{9A19103F-16F7-4668-BE54-9A1E7A4F7556}") = "Aguacongas.RedisQueue.Template", "template\Aguacongas.RedisQueue.Template\Aguacongas.RedisQueue.Template.csproj", "{E3F41655-8A98-49EB-988B-1BE7E5EDC83B}"
EndProject
Project("{9A19103F-16F7-4668-BE54-9A1E7A4F7556}") = "standalone", "samples\standalone\standalone.csproj", "{2007BAB3-C475-4886-B409-8CFAA725965F}"
EndProject
Project("{FAE04EC0-301F-11D3-BF4B-00C04F79EFBC}") = "benchmark", "samples\benchmark\benchmark.csproj", "{0B6E38F6-1B9C-470D-A4AB-A2842E7CB0BB}"
EndProject
Global
	GlobalSection(SolutionConfigurationPlatforms) = preSolution
		Debug|Any CPU = Debug|Any CPU
		Debug|x64 = Debug|x64
		Debug|x86 = Debug|x86
		Release|Any CPU = Release|Any CPU
		Release|x64 = Release|x64
		Release|x86 = Release|x86
	EndGlobalSection
	GlobalSection(ProjectConfigurationPlatforms) = postSolution
		{8D76E516-EFCB-4376-BEAD-15BA1688B534}.Debug|Any CPU.ActiveCfg = Debug|Any CPU
		{8D76E516-EFCB-4376-BEAD-15BA1688B534}.Debug|Any CPU.Build.0 = Debug|Any CPU
		{8D76E516-EFCB-4376-BEAD-15BA1688B534}.Debug|x64.ActiveCfg = Debug|Any CPU
		{8D76E516-EFCB-4376-BEAD-15BA1688B534}.Debug|x64.Build.0 = Debug|Any CPU
		{8D76E516-EFCB-4376-BEAD-15BA1688B534}.Debug|x86.ActiveCfg = Debug|Any CPU
		{8D76E516-EFCB-4376-BEAD-15BA1688B534}.Debug|x86.Build.0 = Debug|Any CPU
		{8D76E516-EFCB-4376-BEAD-15BA1688B534}.Release|Any CPU.ActiveCfg = Release|Any CPU
		{8D76E516-EFCB-4376-BEAD-15BA1688B534}.Release|Any CPU.Build.0 = Release|Any CPU
		{8D76E516-EFCB-4376-BEAD-15BA1688B534}.Release|x64.ActiveCfg = Release|Any CPU
		{8D76E516-EFCB-4376-BEAD-15BA1688B534}.Release|x64.Build.0 = Release|Any CPU
		{8D76E516-EFCB-4376-BEAD-15BA1688B534}.Release|x86.ActiveCfg = Release|Any CPU
		{8D76E516-EFCB-4376-BEAD-15BA1688B534}.Release|x86.Build.0 = Release|Any CPU
		{A8F2475A-E835-401F-B6B0-04E65E5BF458}.Debug|Any CPU.ActiveCfg = Debug|Any CPU
		{A8F2475A-E835-401F-B6B0-04E65E5BF458}.Debug|Any CPU.Build.0 = Debug|Any CPU
		{A8F2475A-E835-401F-B6B0-04E65E5BF458}.Debug|x64.ActiveCfg = Debug|Any CPU
		{A8F2475A-E835-401F-B6B0-04E65E5BF458}.Debug|x64.Build.0 = Debug|Any CPU
		{A8F2475A-E835-401F-B6B0-04E65E5BF458}.Debug|x86.ActiveCfg = Debug|Any CPU
		{A8F2475A-E835-401F-B6B0-04E65E5BF458}.Debug|x86.Build.0 = Debug|Any CPU
		{A8F2475A-E835-401F-B6B0-04E65E5BF458}.Release|Any CPU.ActiveCfg = Release|Any CPU
		{A8F2475A-E835-401F-B6B0-04E65E5BF458}.Release|Any CPU.Build.0 = Release|Any CPU
		{A8F2475A-E835-401F-B6B0-04E65E5BF458}.Release|x64.ActiveCfg = Release|Any CPU
		{A8F2475A-E835-401F-B6B0-04E65E5BF458}.Release|x64.Build.0 = Release|Any CPU
		{A8F2475A-E835-401F-B6B0-04E65E5BF458}.Release|x86.ActiveCfg = Release|Any CPU
		{A8F2475A-E835-401F-B6B0-04E65E5BF458}.Release|x86.Build.0 = Release|Any CPU
		{B68BA7E9-E9B1-4B64-822F-D27D13D2E4A4}.Debug|Any CPU.ActiveCfg = Debug|Any CPU
		{B68BA7E9-E9B1-4B64-822F-D27D13D2E4A4}.Debug|Any CPU.Build.0 = Debug|Any CPU
		{B68BA7E9-E9B1-4B64-822F-D27D13D2E4A4}.Debug|x64.ActiveCfg = Debug|Any CPU
		{B68BA7E9-E9B1-4B64-822F-D27D13D2E4A4}.Debug|x64.Build.0 = Debug|Any CPU
		{B68BA7E9-E9B1-4B64-822F-D27D13D2E4A4}.Debug|x86.ActiveCfg = Debug|Any CPU
		{B68BA7E9-E9B1-4B64-822F-D27D13D2E4A4}.Debug|x86.Build.0 = Debug|Any CPU
		{B68BA7E9-E9B1-4B64-822F-D27D13D2E4A4}.Release|Any CPU.ActiveCfg = Release|Any CPU
		{B68BA7E9-E9B1-4B64-822F-D27D13D2E4A4}.Release|Any CPU.Build.0 = Release|Any CPU
		{B68BA7E9-E9B1-4B64-822F-D27D13D2E4A4}.Release|x64.ActiveCfg = Release|Any CPU
		{B68BA7E9-E9B1-4B64-822F-D27D13D2E4A4}.Release|x64.Build.0 = Release|Any CPU
		{B68BA7E9-E9B1-4B64-822F-D27D13D2E4A4}.Release|x86.ActiveCfg = Release|Any CPU
		{B68BA7E9-E9B1-4B64-822F-D27D13D2E4A4}.Release|x86.Build.0 = Release|Any CPU
		{CB878712-FAC7-4EA7-B277-DB8E047CDC7A}.Debug|Any CPU.ActiveCfg = Debug|Any CPU
		{CB878712-FAC7-4EA7-B277-DB8E047CDC7A}.Debug|Any CPU.Build.0 = Debug|Any CPU
		{CB878712-FAC7-4EA7-B277-DB8E047CDC7A}.Debug|x64.ActiveCfg = Debug|Any CPU
		{CB878712-FAC7-4EA7-B277-DB8E047CDC7A}.Debug|x64.Build.0 = Debug|Any CPU
		{CB878712-FAC7-4EA7-B277-DB8E047CDC7A}.Debug|x86.ActiveCfg = Debug|Any CPU
		{CB878712-FAC7-4EA7-B277-DB8E047CDC7A}.Debug|x86.Build.0 = Debug|Any CPU
		{CB878712-FAC7-4EA7-B277-DB8E047CDC7A}.Release|Any CPU.ActiveCfg = Release|Any CPU
		{CB878712-FAC7-4EA7-B277-DB8E047CDC7A}.Release|Any CPU.Build.0 = Release|Any CPU
		{CB878712-FAC7-4EA7-B277-DB8E047CDC7A}.Release|x64.ActiveCfg = Release|Any CPU
		{CB878712-FAC7-4EA7-B277-DB8E047CDC7A}.Release|x64.Build.0 = Release|Any CPU
		{CB878712-FAC7-4EA7-B277-DB8E047CDC7A}.Release|x86.ActiveCfg = Release|Any CPU
		{CB878712-FAC7-4EA7-B277-DB8E047CDC7A}.Release|x86.Build.0 = Release|Any CPU
		{E3F41655-8A98-49EB-988B-1BE7E5EDC83B}.Debug|Any CPU.ActiveCfg = Debug|Any CPU
		{E3F41655-8A98-49EB-988B-1BE7E5EDC83B}.Debug|Any CPU.Build.0 = Debug|Any CPU
		{E3F41655-8A98-49EB-988B-1BE7E5EDC83B}.Debug|x64.ActiveCfg = Debug|Any CPU
		{E3F41655-8A98-49EB-988B-1BE7E5EDC83B}.Debug|x64.Build.0 = Debug|Any CPU
		{E3F41655-8A98-49EB-988B-1BE7E5EDC83B}.Debug|x86.ActiveCfg = Debug|Any CPU
		{E3F41655-8A98-49EB-988B-1BE7E5EDC83B}.Debug|x86.Build.0 = Debug|Any CPU
		{E3F41655-8A98-49EB-988B-1BE7E5EDC83B}.Release|Any CPU.ActiveCfg = Release|Any CPU
		{E3F41655-8A98-49EB-988B-1BE7E5EDC83B}.Release|Any CPU.Build.0 = Release|Any CPU
		{E3F41655-8A98-49EB-988B-1BE7E5EDC83B}.Release|x64.ActiveCfg = Release|Any CPU
		{E3F41655-8A98-49EB-988B-1BE7E5EDC83B}.Release|x64.Build.0 = Release|Any CPU
		{E3F41655-8A98-49EB-988B-1BE7E5EDC83B}.Release|x86.ActiveCfg = Release|Any CPU
		{E3F41655-8A98-49EB-988B-1BE7E5EDC83B}.Release|x86.Build.0 = Release|Any CPU
		{2007BAB3-C475-4886-B409-8CFAA725965F}.Debug|Any CPU.ActiveCfg = Debug|Any CPU
		{2007BAB3-C475-4886-B409-8CFAA725965F}.Debug|Any CPU.Build.0 = Debug|Any CPU
		{2007BAB3-C475-4886-B409-8CFAA725965F}.Debug|x64.ActiveCfg = Debug|Any CPU
		{2007BAB3-C475-4886-B409-8CFAA725965F}.Debug|x64.Build.0 = Debug|Any CPU
		{2007BAB3-C475-4886-B409-8CFAA725965F}.Debug|x86.ActiveCfg = Debug|Any CPU
		{2007BAB3-C475-4886-B409-8CFAA725965F}.Debug|x86.Build.0 = Debug|Any CPU
		{2007BAB3-C475-4886-B409-8CFAA725965F}.Release|Any CPU.ActiveCfg = Release|Any CPU
		{2007BAB3-C475-4886-B409-8CFAA725965F}.Release|Any CPU.Build.0 = Release|Any CPU
		{2007BAB3-C475-4886-B409-8CFAA725965F}.Release|x64.ActiveCfg = Release|Any CPU
		{2007BAB3-C475-4886-B409-8CFAA725965F}.Release|x64.Build.0 = Release|Any CPU
		{2007BAB3-C475-4886-B409-8CFAA725965F}.Release|x86.ActiveCfg = Release|Any CPU
		{2007BAB3-C475-4886-B409-8CFAA725965F}.Release|x86.Build.0 = Release|Any CPU
		{0B6E38F6-1B9C-470D-A4AB-A2842E7CB0BB}.Debug|Any CPU.ActiveCfg = Debug|Any CPU
		{0B6E38F6-1B9C-470D-A4AB-A2842E7CB0BB}.Debug|Any CPU.Build.0 = Debug|Any CPU
		{0B6E38F6-1B9C-470D-A4AB-A2842E7CB0BB}.Debug|x64.ActiveCfg = Debug|Any CPU
		{0B6E38F6-1B9C-470D-A4AB-A2842E7CB0BB}.Debug|x64.Build.0 = Debug|Any CPU
		{0B6E38F6-1B9C-470D-A4AB-A2842E7CB0BB}.Debug|x86.ActiveCfg = Debug|Any CPU
		{0B6E38F6-1B9C-470D-A4AB-A2842E7CB0BB}.Debug|x86.Build.0 = Debug|Any CPU
		{0B6E38F6-1B9C-470D-A4AB-A2842E7CB0BB}.Release|Any CPU.ActiveCfg = Release|Any CPU
		{0B6E38F6-1B9C-470D-A4AB-A2842E7CB0BB}.Release|Any CPU.Build.0 = Release|Any CPU
		{0B6E38F6-1B9C-470D-A4AB-A2842E7CB0BB}.Release|x64.ActiveCfg = Release|Any CPU
		{0B6E38F6-1B9C-470D-A4AB-A2842E7CB0BB}.Release|x64.Build.0 = Release|Any CPU
		{0B6E38F6-1B9C-470D-A4AB-A2842E7CB0BB}.Release|x86.ActiveCfg = Release|Any CPU
		{0B6E38F6-1B9C-470D-A4AB-A2842E7CB0BB}.Release|x86.Build.0 = Release|Any CPU
	EndGlobalSection
	GlobalSection(SolutionProperties) = preSolution
		HideSolutionNode = FALSE
	EndGlobalSection
	GlobalSection(NestedProjects) = preSolution
		{8D76E516-EFCB-4376-BEAD-15BA1688B534} = {CCEF89D6-C46A-4DAE-B628-539DE25145B5}
		{A8F2475A-E835-401F-B6B0-04E65E5BF458} = {CC32E007-F562-4CAF-A60F-5B1CE7EF5C01}
		{B68BA7E9-E9B1-4B64-822F-D27D13D2E4A4} = {CCEF89D6-C46A-4DAE-B628-539DE25145B5}
		{12AF1F95-1E21-48F9-B528-BD75E16F9E60} = {09236A40-4AB0-49AA-A341-BAB073342811}
		{CB878712-FAC7-4EA7-B277-DB8E047CDC7A} = {CC32E007-F562-4CAF-A60F-5B1CE7EF5C01}
		{E3F41655-8A98-49EB-988B-1BE7E5EDC83B} = {09236A40-4AB0-49AA-A341-BAB073342811}
		{2007BAB3-C475-4886-B409-8CFAA725965F} = {254EAA5F-21F2-4A59-92DF-70034F8924FE}
		{0B6E38F6-1B9C-470D-A4AB-A2842E7CB0BB} = {254EAA5F-21F2-4A59-92DF-70034F8924FE}
	EndGlobalSection
	GlobalSection(ExtensibilityGlobals) = postSolution
		SolutionGuid = {A26D67C2-4107-42C8-8517-0C7BB4E59ABA}
	EndGlobalSection
EndGlobal
