
Microsoft Visual Studio Solution File, Format Version 12.00
# Visual Studio 15
VisualStudioVersion = 15.0.26124.0
MinimumVisualStudioVersion = 15.0.26124.0
Project("{2150E333-8FDC-42A3-9474-1A3956D46DE8}") = "src", "src", "{CCEF89D6-C46A-4DAE-B628-539DE25145B5}"
EndProject
Project("{9A19103F-16F7-4668-BE54-9A1E7A4F7556}") = "Aguacongas.RedisQueue", "src\Aguacongas.RedisQueue\Aguacongas.RedisQueue.csproj", "{3FF0A978-8173-4572-A5A5-64D3ED9878F3}"
EndProject
Project("{9A19103F-16F7-4668-BE54-9A1E7A4F7556}") = "Aguacongas.RedisQueue.Core", "src\Aguacongas.RedisQueue.Core\Aguacongas.RedisQueue.Core.csproj", "{8D76E516-EFCB-4376-BEAD-15BA1688B534}"
EndProject
Project("{2150E333-8FDC-42A3-9474-1A3956D46DE8}") = "test", "test", "{CC32E007-F562-4CAF-A60F-5B1CE7EF5C01}"
EndProject
Project("{9A19103F-16F7-4668-BE54-9A1E7A4F7556}") = "Aguacongas.RedisQueue.Core.IntegrationTest", "test\Aguacongas.RedisQueue.Core.IntegrationTest\Aguacongas.RedisQueue.Core.IntegrationTest.csproj", "{A8F2475A-E835-401F-B6B0-04E65E5BF458}"
EndProject
Project("{9A19103F-16F7-4668-BE54-9A1E7A4F7556}") = "Aguacongas.RedisQueue.Web", "scr\Aguacongas.RedisQueue.Web\Aguacongas.RedisQueue.Web.csproj", "{4CB1AB8D-CAAA-44CD-8E4B-DB9DC0DB49CB}"
EndProject
Project("{2150E333-8FDC-42A3-9474-1A3956D46DE8}") = "Solution Items", "Solution Items", "{B4A6A646-C9CA-4F48-BE7C-45B3376F4568}"
	ProjectSection(SolutionItems) = preProject
		.commitlintrc.json = .commitlintrc.json
		.releaserc.json = .releaserc.json
		appveyor.yml = appveyor.yml
		appveyorinit.ps1 = appveyorinit.ps1
		build.cmd = build.cmd
		build.ps1 = build.ps1
		dotnet-install.ps1 = dotnet-install.ps1
		GitVersion.yml = GitVersion.yml
		global.json = global.json
		nuget.config = nuget.config
		publish.cmd = publish.cmd
		publish.ps1 = publish.ps1
		README.md = README.md
	EndProjectSection
EndProject
Global
	GlobalSection(SolutionConfigurationPlatforms) = preSolution
		Debug|Any CPU = Debug|Any CPU
		Debug|x64 = Debug|x64
		Debug|x86 = Debug|x86
		Release|Any CPU = Release|Any CPU
		Release|x64 = Release|x64
		Release|x86 = Release|x86
	EndGlobalSection
	GlobalSection(ProjectConfigurationPlatforms) = postSolution
		{3FF0A978-8173-4572-A5A5-64D3ED9878F3}.Debug|Any CPU.ActiveCfg = Debug|Any CPU
		{3FF0A978-8173-4572-A5A5-64D3ED9878F3}.Debug|Any CPU.Build.0 = Debug|Any CPU
		{3FF0A978-8173-4572-A5A5-64D3ED9878F3}.Debug|x64.ActiveCfg = Debug|Any CPU
		{3FF0A978-8173-4572-A5A5-64D3ED9878F3}.Debug|x64.Build.0 = Debug|Any CPU
		{3FF0A978-8173-4572-A5A5-64D3ED9878F3}.Debug|x86.ActiveCfg = Debug|Any CPU
		{3FF0A978-8173-4572-A5A5-64D3ED9878F3}.Debug|x86.Build.0 = Debug|Any CPU
		{3FF0A978-8173-4572-A5A5-64D3ED9878F3}.Release|Any CPU.ActiveCfg = Release|Any CPU
		{3FF0A978-8173-4572-A5A5-64D3ED9878F3}.Release|Any CPU.Build.0 = Release|Any CPU
		{3FF0A978-8173-4572-A5A5-64D3ED9878F3}.Release|x64.ActiveCfg = Release|Any CPU
		{3FF0A978-8173-4572-A5A5-64D3ED9878F3}.Release|x64.Build.0 = Release|Any CPU
		{3FF0A978-8173-4572-A5A5-64D3ED9878F3}.Release|x86.ActiveCfg = Release|Any CPU
		{3FF0A978-8173-4572-A5A5-64D3ED9878F3}.Release|x86.Build.0 = Release|Any CPU
		{8D76E516-EFCB-4376-BEAD-15BA1688B534}.Debug|Any CPU.ActiveCfg = Debug|Any CPU
		{8D76E516-EFCB-4376-BEAD-15BA1688B534}.Debug|Any CPU.Build.0 = Debug|Any CPU
		{8D76E516-EFCB-4376-BEAD-15BA1688B534}.Debug|x64.ActiveCfg = Debug|Any CPU
		{8D76E516-EFCB-4376-BEAD-15BA1688B534}.Debug|x64.Build.0 = Debug|Any CPU
		{8D76E516-EFCB-4376-BEAD-15BA1688B534}.Debug|x86.ActiveCfg = Debug|Any CPU
		{8D76E516-EFCB-4376-BEAD-15BA1688B534}.Debug|x86.Build.0 = Debug|Any CPU
		{8D76E516-EFCB-4376-BEAD-15BA1688B534}.Release|Any CPU.ActiveCfg = Release|Any CPU
		{8D76E516-EFCB-4376-BEAD-15BA1688B534}.Release|Any CPU.Build.0 = Release|Any CPU
		{8D76E516-EFCB-4376-BEAD-15BA1688B534}.Release|x64.ActiveCfg = Release|Any CPU
		{8D76E516-EFCB-4376-BEAD-15BA1688B534}.Release|x64.Build.0 = Release|Any CPU
		{8D76E516-EFCB-4376-BEAD-15BA1688B534}.Release|x86.ActiveCfg = Release|Any CPU
		{8D76E516-EFCB-4376-BEAD-15BA1688B534}.Release|x86.Build.0 = Release|Any CPU
		{A8F2475A-E835-401F-B6B0-04E65E5BF458}.Debug|Any CPU.ActiveCfg = Debug|Any CPU
		{A8F2475A-E835-401F-B6B0-04E65E5BF458}.Debug|Any CPU.Build.0 = Debug|Any CPU
		{A8F2475A-E835-401F-B6B0-04E65E5BF458}.Debug|x64.ActiveCfg = Debug|Any CPU
		{A8F2475A-E835-401F-B6B0-04E65E5BF458}.Debug|x64.Build.0 = Debug|Any CPU
		{A8F2475A-E835-401F-B6B0-04E65E5BF458}.Debug|x86.ActiveCfg = Debug|Any CPU
		{A8F2475A-E835-401F-B6B0-04E65E5BF458}.Debug|x86.Build.0 = Debug|Any CPU
		{A8F2475A-E835-401F-B6B0-04E65E5BF458}.Release|Any CPU.ActiveCfg = Release|Any CPU
		{A8F2475A-E835-401F-B6B0-04E65E5BF458}.Release|Any CPU.Build.0 = Release|Any CPU
		{A8F2475A-E835-401F-B6B0-04E65E5BF458}.Release|x64.ActiveCfg = Release|Any CPU
		{A8F2475A-E835-401F-B6B0-04E65E5BF458}.Release|x64.Build.0 = Release|Any CPU
		{A8F2475A-E835-401F-B6B0-04E65E5BF458}.Release|x86.ActiveCfg = Release|Any CPU
		{A8F2475A-E835-401F-B6B0-04E65E5BF458}.Release|x86.Build.0 = Release|Any CPU
		{4CB1AB8D-CAAA-44CD-8E4B-DB9DC0DB49CB}.Debug|Any CPU.ActiveCfg = Debug|Any CPU
		{4CB1AB8D-CAAA-44CD-8E4B-DB9DC0DB49CB}.Debug|Any CPU.Build.0 = Debug|Any CPU
		{4CB1AB8D-CAAA-44CD-8E4B-DB9DC0DB49CB}.Debug|x64.ActiveCfg = Debug|Any CPU
		{4CB1AB8D-CAAA-44CD-8E4B-DB9DC0DB49CB}.Debug|x64.Build.0 = Debug|Any CPU
		{4CB1AB8D-CAAA-44CD-8E4B-DB9DC0DB49CB}.Debug|x86.ActiveCfg = Debug|Any CPU
		{4CB1AB8D-CAAA-44CD-8E4B-DB9DC0DB49CB}.Debug|x86.Build.0 = Debug|Any CPU
		{4CB1AB8D-CAAA-44CD-8E4B-DB9DC0DB49CB}.Release|Any CPU.ActiveCfg = Release|Any CPU
		{4CB1AB8D-CAAA-44CD-8E4B-DB9DC0DB49CB}.Release|Any CPU.Build.0 = Release|Any CPU
		{4CB1AB8D-CAAA-44CD-8E4B-DB9DC0DB49CB}.Release|x64.ActiveCfg = Release|Any CPU
		{4CB1AB8D-CAAA-44CD-8E4B-DB9DC0DB49CB}.Release|x64.Build.0 = Release|Any CPU
		{4CB1AB8D-CAAA-44CD-8E4B-DB9DC0DB49CB}.Release|x86.ActiveCfg = Release|Any CPU
		{4CB1AB8D-CAAA-44CD-8E4B-DB9DC0DB49CB}.Release|x86.Build.0 = Release|Any CPU
	EndGlobalSection
	GlobalSection(SolutionProperties) = preSolution
		HideSolutionNode = FALSE
	EndGlobalSection
	GlobalSection(NestedProjects) = preSolution
		{3FF0A978-8173-4572-A5A5-64D3ED9878F3} = {CCEF89D6-C46A-4DAE-B628-539DE25145B5}
		{8D76E516-EFCB-4376-BEAD-15BA1688B534} = {CCEF89D6-C46A-4DAE-B628-539DE25145B5}
		{A8F2475A-E835-401F-B6B0-04E65E5BF458} = {CC32E007-F562-4CAF-A60F-5B1CE7EF5C01}
		{4CB1AB8D-CAAA-44CD-8E4B-DB9DC0DB49CB} = {CCEF89D6-C46A-4DAE-B628-539DE25145B5}
	EndGlobalSection
	GlobalSection(ExtensibilityGlobals) = postSolution
		SolutionGuid = {A26D67C2-4107-42C8-8517-0C7BB4E59ABA}
	EndGlobalSection
EndGlobal
